
Microsoft Visual Studio Solution File, Format Version 12.00
# Visual Studio Version 16
VisualStudioVersion = 16.0.32413.511
MinimumVisualStudioVersion = 10.0.40219.1
Project("{FAE04EC0-301F-11D3-BF4B-00C04F79EFBC}") = "CORREIOS_ANTT", "CNPJ_ANTT\CORREIOS_ANTT.csproj", "{14ABFA17-FD8E-4308-ABBB-CBCAE47A6F61}"
EndProject
Global
	GlobalSection(SolutionConfigurationPlatforms) = preSolution
		Debug|Any CPU = Debug|Any CPU
		Release|Any CPU = Release|Any CPU
	EndGlobalSection
	GlobalSection(ProjectConfigurationPlatforms) = postSolution
		{14ABFA17-FD8E-4308-ABBB-CBCAE47A6F61}.Debug|Any CPU.ActiveCfg = Debug|Any CPU
		{14ABFA17-FD8E-4308-ABBB-CBCAE47A6F61}.Debug|Any CPU.Build.0 = Debug|Any CPU
		{14ABFA17-FD8E-4308-ABBB-CBCAE47A6F61}.Release|Any CPU.ActiveCfg = Release|Any CPU
		{14ABFA17-FD8E-4308-ABBB-CBCAE47A6F61}.Release|Any CPU.Build.0 = Release|Any CPU
	EndGlobalSection
	GlobalSection(SolutionProperties) = preSolution
		HideSolutionNode = FALSE
	EndGlobalSection
	GlobalSection(ExtensibilityGlobals) = postSolution
		SolutionGuid = {A377AE08-0D31-412E-8260-26500D0D715C}
	EndGlobalSection
EndGlobal
